
Microsoft Visual Studio Solution File, Format Version 12.00
# Visual Studio Version 17
VisualStudioVersion = 17.10.35122.118
MinimumVisualStudioVersion = 10.0.40219.1
Project("{FAE04EC0-301F-11D3-BF4B-00C04F79EFBC}") = "VP_Project", "VP_Project\VP_Project.csproj", "{75794005-6F93-4331-B107-22A410394D99}"
EndProject
Global
	GlobalSection(SolutionConfigurationPlatforms) = preSolution
		Debug|Any CPU = Debug|Any CPU
		Release|Any CPU = Release|Any CPU
	EndGlobalSection
	GlobalSection(ProjectConfigurationPlatforms) = postSolution
		{75794005-6F93-4331-B107-22A410394D99}.Debug|Any CPU.ActiveCfg = Debug|Any CPU
		{75794005-6F93-4331-B107-22A410394D99}.Debug|Any CPU.Build.0 = Debug|Any CPU
		{75794005-6F93-4331-B107-22A410394D99}.Release|Any CPU.ActiveCfg = Release|Any CPU
		{75794005-6F93-4331-B107-22A410394D99}.Release|Any CPU.Build.0 = Release|Any CPU
	EndGlobalSection
	GlobalSection(SolutionProperties) = preSolution
		HideSolutionNode = FALSE
	EndGlobalSection
	GlobalSection(ExtensibilityGlobals) = postSolution
		SolutionGuid = {1A16695A-F3C6-46F7-BE83-F0AE40222BA0}
	EndGlobalSection
EndGlobal
